
Microsoft Visual Studio Solution File, Format Version 12.00
# Visual Studio Version 17
VisualStudioVersion = 17.4.33122.133
MinimumVisualStudioVersion = 10.0.40219.1
Project("{FAE04EC0-301F-11D3-BF4B-00C04F79EFBC}") = "Fundamentals", "Fundamentals\Fundamentals.csproj", "{7AA96224-6E59-4CFF-85E7-069D2BCDC1F3}"
EndProject
Project("{2150E333-8FDC-42A3-9474-1A3956D46DE8}") = "Tests", "Tests", "{688DE79B-2A17-4391-A00C-34780AA8F2D5}"
EndProject
Project("{FAE04EC0-301F-11D3-BF4B-00C04F79EFBC}") = "Fundamentals.Tests", "Fundamentals.Tests\Fundamentals.Tests.csproj", "{218B3E45-D5CD-4F9A-8C5C-831B42F6A580}"
EndProject
Global
	GlobalSection(SolutionConfigurationPlatforms) = preSolution
		Debug|Any CPU = Debug|Any CPU
		Release|Any CPU = Release|Any CPU
	EndGlobalSection
	GlobalSection(ProjectConfigurationPlatforms) = postSolution
		{7AA96224-6E59-4CFF-85E7-069D2BCDC1F3}.Debug|Any CPU.ActiveCfg = Debug|Any CPU
		{7AA96224-6E59-4CFF-85E7-069D2BCDC1F3}.Debug|Any CPU.Build.0 = Debug|Any CPU
		{7AA96224-6E59-4CFF-85E7-069D2BCDC1F3}.Release|Any CPU.ActiveCfg = Release|Any CPU
		{7AA96224-6E59-4CFF-85E7-069D2BCDC1F3}.Release|Any CPU.Build.0 = Release|Any CPU
		{218B3E45-D5CD-4F9A-8C5C-831B42F6A580}.Debug|Any CPU.ActiveCfg = Debug|Any CPU
		{218B3E45-D5CD-4F9A-8C5C-831B42F6A580}.Debug|Any CPU.Build.0 = Debug|Any CPU
		{218B3E45-D5CD-4F9A-8C5C-831B42F6A580}.Release|Any CPU.ActiveCfg = Release|Any CPU
		{218B3E45-D5CD-4F9A-8C5C-831B42F6A580}.Release|Any CPU.Build.0 = Release|Any CPU
	EndGlobalSection
	GlobalSection(SolutionProperties) = preSolution
		HideSolutionNode = FALSE
	EndGlobalSection
	GlobalSection(NestedProjects) = preSolution
		{218B3E45-D5CD-4F9A-8C5C-831B42F6A580} = {688DE79B-2A17-4391-A00C-34780AA8F2D5}
	EndGlobalSection
	GlobalSection(ExtensibilityGlobals) = postSolution
		SolutionGuid = {A321FE07-6EFA-4943-B142-88D3981506E2}
	EndGlobalSection
EndGlobal
